
Microsoft Visual Studio Solution File, Format Version 12.00
# Visual Studio Version 17
VisualStudioVersion = 17.14.36121.58 d17.14
MinimumVisualStudioVersion = 10.0.40219.1
Project("{2150E333-8FDC-42A3-9474-1A3956D46DE8}") = "Src", "Src", "{02EA681E-C7D8-13C7-8484-4AC65E1B71E8}"
EndProject
Project("{2150E333-8FDC-42A3-9474-1A3956D46DE8}") = "Api", "Api", "{A6AC23EC-E500-4ED3-995A-33A0F72CE81D}"
EndProject
Project("{2150E333-8FDC-42A3-9474-1A3956D46DE8}") = "Core", "Core", "{C84D63B7-83A9-4A76-B10F-B172D4132C74}"
EndProject
Project("{2150E333-8FDC-42A3-9474-1A3956D46DE8}") = "Infrastructure", "Infrastructure", "{586CFCA5-45CD-42F2-865E-7B761C191451}"
EndProject
Project("{2150E333-8FDC-42A3-9474-1A3956D46DE8}") = "WebApi", "WebApi", "{E1B7416F-5D13-4652-BE11-0C961470D41C}"
EndProject
Project("{2150E333-8FDC-42A3-9474-1A3956D46DE8}") = "Clients", "Clients", "{49161150-622D-4626-961C-279E49A05ABF}"
EndProject
Project("{2150E333-8FDC-42A3-9474-1A3956D46DE8}") = "Common", "Common", "{06DF5DA9-7E78-4132-AA17-75971E5D60A7}"
EndProject
Project("{FAE04EC0-301F-11D3-BF4B-00C04F79EFBC}") = "AlpSozluk.Infrastructure.Persistence", "AlpSozluk.Infrastructure.Persistence\AlpSozluk.Infrastructure.Persistence.csproj", "{8C47B46F-48C4-4DAF-8363-8DB57FAB2C4E}"
EndProject
Project("{2150E333-8FDC-42A3-9474-1A3956D46DE8}") = "AlpSozlukWeb", "AlpSozlukWeb", "{9CA2BF0F-DBE0-4738-BAD6-42640B7E9EFF}"
EndProject
Project("{FAE04EC0-301F-11D3-BF4B-00C04F79EFBC}") = "AlpSozluk.WebApp", "AlpSozluk.WebApp\AlpSozluk.WebApp.csproj", "{FC228FAD-E03B-4C53-B5F4-DEFD7234182E}"
EndProject
Project("{FAE04EC0-301F-11D3-BF4B-00C04F79EFBC}") = "AlpSozluk.Api.Applications", "AlpSozluk.Api.Applications\AlpSozluk.Api.Applications.csproj", "{D1F7A29A-C348-4B62-AE9D-317A9985BB21}"
EndProject
Project("{FAE04EC0-301F-11D3-BF4B-00C04F79EFBC}") = "AlpSozluk.Api.Domains", "AlpSozluk.Api.Domains\AlpSozluk.Api.Domains.csproj", "{F8AF812C-C28C-4D1A-9939-AD37AAD5A0AB}"
EndProject
Project("{FAE04EC0-301F-11D3-BF4B-00C04F79EFBC}") = "AlpSozluk.Common", "AlpSozluk.Common\AlpSozluk.Common.csproj", "{C7AE2CAC-027C-44D3-BEAE-42C3E9EA670A}"
EndProject
Global
	GlobalSection(SolutionConfigurationPlatforms) = preSolution
		Debug|Any CPU = Debug|Any CPU
		Release|Any CPU = Release|Any CPU
	EndGlobalSection
	GlobalSection(ProjectConfigurationPlatforms) = postSolution
		{8C47B46F-48C4-4DAF-8363-8DB57FAB2C4E}.Debug|Any CPU.ActiveCfg = Debug|Any CPU
		{8C47B46F-48C4-4DAF-8363-8DB57FAB2C4E}.Debug|Any CPU.Build.0 = Debug|Any CPU
		{8C47B46F-48C4-4DAF-8363-8DB57FAB2C4E}.Release|Any CPU.ActiveCfg = Release|Any CPU
		{8C47B46F-48C4-4DAF-8363-8DB57FAB2C4E}.Release|Any CPU.Build.0 = Release|Any CPU
		{FC228FAD-E03B-4C53-B5F4-DEFD7234182E}.Debug|Any CPU.ActiveCfg = Debug|Any CPU
		{FC228FAD-E03B-4C53-B5F4-DEFD7234182E}.Debug|Any CPU.Build.0 = Debug|Any CPU
		{FC228FAD-E03B-4C53-B5F4-DEFD7234182E}.Release|Any CPU.ActiveCfg = Release|Any CPU
		{FC228FAD-E03B-4C53-B5F4-DEFD7234182E}.Release|Any CPU.Build.0 = Release|Any CPU
		{D1F7A29A-C348-4B62-AE9D-317A9985BB21}.Debug|Any CPU.ActiveCfg = Debug|Any CPU
		{D1F7A29A-C348-4B62-AE9D-317A9985BB21}.Debug|Any CPU.Build.0 = Debug|Any CPU
		{D1F7A29A-C348-4B62-AE9D-317A9985BB21}.Release|Any CPU.ActiveCfg = Release|Any CPU
		{D1F7A29A-C348-4B62-AE9D-317A9985BB21}.Release|Any CPU.Build.0 = Release|Any CPU
		{F8AF812C-C28C-4D1A-9939-AD37AAD5A0AB}.Debug|Any CPU.ActiveCfg = Debug|Any CPU
		{F8AF812C-C28C-4D1A-9939-AD37AAD5A0AB}.Debug|Any CPU.Build.0 = Debug|Any CPU
		{F8AF812C-C28C-4D1A-9939-AD37AAD5A0AB}.Release|Any CPU.ActiveCfg = Release|Any CPU
		{F8AF812C-C28C-4D1A-9939-AD37AAD5A0AB}.Release|Any CPU.Build.0 = Release|Any CPU
		{C7AE2CAC-027C-44D3-BEAE-42C3E9EA670A}.Debug|Any CPU.ActiveCfg = Debug|Any CPU
		{C7AE2CAC-027C-44D3-BEAE-42C3E9EA670A}.Debug|Any CPU.Build.0 = Debug|Any CPU
		{C7AE2CAC-027C-44D3-BEAE-42C3E9EA670A}.Release|Any CPU.ActiveCfg = Release|Any CPU
		{C7AE2CAC-027C-44D3-BEAE-42C3E9EA670A}.Release|Any CPU.Build.0 = Release|Any CPU
	EndGlobalSection
	GlobalSection(SolutionProperties) = preSolution
		HideSolutionNode = FALSE
	EndGlobalSection
	GlobalSection(NestedProjects) = preSolution
		{A6AC23EC-E500-4ED3-995A-33A0F72CE81D} = {02EA681E-C7D8-13C7-8484-4AC65E1B71E8}
		{C84D63B7-83A9-4A76-B10F-B172D4132C74} = {A6AC23EC-E500-4ED3-995A-33A0F72CE81D}
		{586CFCA5-45CD-42F2-865E-7B761C191451} = {A6AC23EC-E500-4ED3-995A-33A0F72CE81D}
		{E1B7416F-5D13-4652-BE11-0C961470D41C} = {A6AC23EC-E500-4ED3-995A-33A0F72CE81D}
		{49161150-622D-4626-961C-279E49A05ABF} = {02EA681E-C7D8-13C7-8484-4AC65E1B71E8}
		{06DF5DA9-7E78-4132-AA17-75971E5D60A7} = {02EA681E-C7D8-13C7-8484-4AC65E1B71E8}
		{8C47B46F-48C4-4DAF-8363-8DB57FAB2C4E} = {586CFCA5-45CD-42F2-865E-7B761C191451}
		{9CA2BF0F-DBE0-4738-BAD6-42640B7E9EFF} = {49161150-622D-4626-961C-279E49A05ABF}
		{FC228FAD-E03B-4C53-B5F4-DEFD7234182E} = {9CA2BF0F-DBE0-4738-BAD6-42640B7E9EFF}
		{D1F7A29A-C348-4B62-AE9D-317A9985BB21} = {C84D63B7-83A9-4A76-B10F-B172D4132C74}
		{F8AF812C-C28C-4D1A-9939-AD37AAD5A0AB} = {C84D63B7-83A9-4A76-B10F-B172D4132C74}
		{C7AE2CAC-027C-44D3-BEAE-42C3E9EA670A} = {06DF5DA9-7E78-4132-AA17-75971E5D60A7}
	EndGlobalSection
	GlobalSection(ExtensibilityGlobals) = postSolution
		SolutionGuid = {BC0B2EA2-013A-41FA-A620-27FF7B958FE7}
	EndGlobalSection
EndGlobal
